
Microsoft Visual Studio Solution File, Format Version 12.00
# Visual Studio 15
VisualStudioVersion = 15.0.27004.2005
MinimumVisualStudioVersion = 10.0.40219.1
Project("{FAE04EC0-301F-11D3-BF4B-00C04F79EFBC}") = "MHR", "MHR\MHR.csproj", "{D669B580-F395-409B-97AD-4E30A6CA3A3D}"
EndProject
Project("{2150E333-8FDC-42A3-9474-1A3956D46DE8}") = "Solution Items", "Solution Items", "{EB4F4DDC-CFC1-4884-BC39-A4BD34E1B429}"
	ProjectSection(SolutionItems) = preProject
		Jenkinsfile = Jenkinsfile
	EndProjectSection
EndProject
Global
	GlobalSection(SolutionConfigurationPlatforms) = preSolution
		Debug|Any CPU = Debug|Any CPU
		Release|Any CPU = Release|Any CPU
	EndGlobalSection
	GlobalSection(ProjectConfigurationPlatforms) = postSolution
		{D669B580-F395-409B-97AD-4E30A6CA3A3D}.Debug|Any CPU.ActiveCfg = Debug|Any CPU
		{D669B580-F395-409B-97AD-4E30A6CA3A3D}.Debug|Any CPU.Build.0 = Debug|Any CPU
		{D669B580-F395-409B-97AD-4E30A6CA3A3D}.Release|Any CPU.ActiveCfg = Release|Any CPU
		{D669B580-F395-409B-97AD-4E30A6CA3A3D}.Release|Any CPU.Build.0 = Release|Any CPU
	EndGlobalSection
	GlobalSection(SolutionProperties) = preSolution
		HideSolutionNode = FALSE
	EndGlobalSection
	GlobalSection(ExtensibilityGlobals) = postSolution
		SolutionGuid = {09EE280E-3864-434D-970B-32E88F5C60B8}
	EndGlobalSection
EndGlobal
